
Microsoft Visual Studio Solution File, Format Version 12.00
# Visual Studio Version 17
VisualStudioVersion = 17.5.33414.496
MinimumVisualStudioVersion = 10.0.40219.1
Project("{FAE04EC0-301F-11D3-BF4B-00C04F79EFBC}") = "ST10145185_DanielBooysen_PROG6211_POE", "ST10145185_DanielBooysen_PROG6211_POE.csproj", "{16DE669E-11C0-4B2B-9821-81639F03BAAC}"
EndProject
Project("{FAE04EC0-301F-11D3-BF4B-00C04F79EFBC}") = "UnitTesting", "..\UnitTesting\UnitTesting.csproj", "{8DF72969-1256-4A93-AEDD-563DBB3272EF}"
EndProject
Global
	GlobalSection(SolutionConfigurationPlatforms) = preSolution
		Debug|Any CPU = Debug|Any CPU
		Release|Any CPU = Release|Any CPU
	EndGlobalSection
	GlobalSection(ProjectConfigurationPlatforms) = postSolution
		{16DE669E-11C0-4B2B-9821-81639F03BAAC}.Debug|Any CPU.ActiveCfg = Debug|Any CPU
		{16DE669E-11C0-4B2B-9821-81639F03BAAC}.Debug|Any CPU.Build.0 = Debug|Any CPU
		{16DE669E-11C0-4B2B-9821-81639F03BAAC}.Release|Any CPU.ActiveCfg = Release|Any CPU
		{16DE669E-11C0-4B2B-9821-81639F03BAAC}.Release|Any CPU.Build.0 = Release|Any CPU
		{8DF72969-1256-4A93-AEDD-563DBB3272EF}.Debug|Any CPU.ActiveCfg = Debug|Any CPU
		{8DF72969-1256-4A93-AEDD-563DBB3272EF}.Debug|Any CPU.Build.0 = Debug|Any CPU
		{8DF72969-1256-4A93-AEDD-563DBB3272EF}.Release|Any CPU.ActiveCfg = Release|Any CPU
		{8DF72969-1256-4A93-AEDD-563DBB3272EF}.Release|Any CPU.Build.0 = Release|Any CPU
	EndGlobalSection
	GlobalSection(SolutionProperties) = preSolution
		HideSolutionNode = FALSE
	EndGlobalSection
	GlobalSection(ExtensibilityGlobals) = postSolution
		SolutionGuid = {51097601-C859-4DDA-BA4C-FB9CE8DBB550}
	EndGlobalSection
EndGlobal
